{
  "name": "favish-site",
  "version": "1.0.0",
  "lockfileVersion": 3,
  "requires": true,
  "packages": {
    "": {
      "name": "favish-site",
      "version": "1.0.0",
      "license": "MIT",
      "dependencies": {
        "koan-sass": "^1.0.4"
      }
    },
    "node_modules/koan-sass": {
      "version": "1.0.4",
      "resolved": "https://registry.npmjs.org/koan-sass/-/koan-sass-1.0.4.tgz",
      "integrity": "sha512-gx1S2R+NP//4GACQt5kBKVC+GNgr55L22xXYJoD34CiVjUPsi4yapkrajJvtnTclKDnSMM5yIr4nMyKBeZUJgg==",
      "license": "ISC"
    }
  }
}
